Microsoft Visual Studio Solution File, Format Version 12.00
# Visual Studio Version 17
VisualStudioVersion = 17.5.2.0
MinimumVisualStudioVersion = 10.0.40219.1
Project("{FAE04EC0-301F-11D3-BF4B-00C04F79EFBC}") = "evaluacion-github-actions", "evaluacion-github-actions.csproj", "{8733CE50-ED36-CC9A-846C-F271AD61095C}"
EndProject
Global
	GlobalSection(SolutionConfigurationPlatforms) = preSolution
		Debug|Any CPU = Debug|Any CPU
		Release|Any CPU = Release|Any CPU
	EndGlobalSection
	GlobalSection(ProjectConfigurationPlatforms) = postSolution
		{8733CE50-ED36-CC9A-846C-F271AD61095C}.Debug|Any CPU.ActiveCfg = Debug|Any CPU
		{8733CE50-ED36-CC9A-846C-F271AD61095C}.Debug|Any CPU.Build.0 = Debug|Any CPU
		{8733CE50-ED36-CC9A-846C-F271AD61095C}.Release|Any CPU.ActiveCfg = Release|Any CPU
		{8733CE50-ED36-CC9A-846C-F271AD61095C}.Release|Any CPU.Build.0 = Release|Any CPU
	EndGlobalSection
	GlobalSection(SolutionProperties) = preSolution
		HideSolutionNode = FALSE
	EndGlobalSection
	GlobalSection(ExtensibilityGlobals) = postSolution
		SolutionGuid = {72F7F6D8-26A8-4389-8240-4CCF0BDE0DD3}
	EndGlobalSection
EndGlobal
